// !$*UTF8*$!
{
	archiveVersion = 1;
	classes = {
	};
	objectVersion = 46;
	objects = {

/* Begin PBXBuildFile section */
		B28225821765FCAE00E4F060 /* UIKit.framework in Frameworks */ = {isa = PBXBuildFile; fileRef = B28225811765FCAE00E4F060 /* UIKit.framework */; };
		B28225841765FCAE00E4F060 /* Foundation.framework in Frameworks */ = {isa = PBXBuildFile; fileRef = B28225831765FCAE00E4F060 /* Foundation.framework */; };
		B28225861765FCAE00E4F060 /* CoreGraphics.framework in Frameworks */ = {isa = PBXBuildFile; fileRef = B28225851765FCAE00E4F060 /* CoreGraphics.framework */; };
		B282258C1765FCAE00E4F060 /* InfoPlist.strings in Resources */ = {isa = PBXBuildFile; fileRef = B282258A1765FCAE00E4F060 /* InfoPlist.strings */; };
		B282258E1765FCAE00E4F060 /* main.m in Sources */ = {isa = PBXBuildFile; fileRef = B282258D1765FCAE00E4F060 /* main.m */; };
		B28225921765FCAE00E4F060 /* CPDAppDelegate.m in Sources */ = {isa = PBXBuildFile; fileRef = B28225911765FCAE00E4F060 /* CPDAppDelegate.m */; };
		B28225941765FCAE00E4F060 /* Default.png in Resources */ = {isa = PBXBuildFile; fileRef = B28225931765FCAE00E4F060 /* Default.png */; };
		B28225961765FCAE00E4F060 /* Default@2x.png in Resources */ = {isa = PBXBuildFile; fileRef = B28225951765FCAE00E4F060 /* Default@2x.png */; };
		B28225981765FCAE00E4F060 /* Default-568h@2x.png in Resources */ = {isa = PBXBuildFile; fileRef = B28225971765FCAE00E4F060 /* Default-568h@2x.png */; };
		B282259B1765FCAE00E4F060 /* MainStoryboard_iPhone.storyboard in Resources */ = {isa = PBXBuildFile; fileRef = B28225991765FCAE00E4F060 /* MainStoryboard_iPhone.storyboard */; };
		B282259E1765FCAE00E4F060 /* MainStoryboard_iPad.storyboard in Resources */ = {isa = PBXBuildFile; fileRef = B282259C1765FCAE00E4F060 /* MainStoryboard_iPad.storyboard */; };
		B28225A11765FCAE00E4F060 /* CPDViewController.m in Sources */ = {isa = PBXBuildFile; fileRef = B28225A01765FCAE00E4F060 /* CPDViewController.m */; };
/* End PBXBuildFile section */

/* Begin PBXFileReference section */
		B282257E1765FCAE00E4F060 /* CDTestIPC.app */ = {isa = PBXFileReference; explicitFileType = wrapper.application; includeInIndex = 0; path = CDTestIPC.app; sourceTree = BUILT_PRODUCTS_DIR; };
		B28225811765FCAE00E4F060 /* UIKit.framework */ = {isa = PBXFileReference; lastKnownFileType = wrapper.framework; name = UIKit.framework; path = System/Library/Frameworks/UIKit.framework; sourceTree = SDKROOT; };
		B28225831765FCAE00E4F060 /* Foundation.framework */ = {isa = PBXFileReference; lastKnownFileType = wrapper.framework; name = Foundation.framework; path = System/Library/Frameworks/Foundation.framework; sourceTree = SDKROOT; };
		B28225851765FCAE00E4F060 /* CoreGraphics.framework */ = {isa = PBXFileReference; lastKnownFileType = wrapper.framework; name = CoreGraphics.framework; path = System/Library/Frameworks/CoreGraphics.framework; sourceTree = SDKROOT; };
		B28225891765FCAE00E4F060 /* CDTestIPC-Info.plist */ = {isa = PBXFileReference; lastKnownFileType = text.plist.xml; path = "CDTestIPC-Info.plist"; sourceTree = "<group>"; };
		B282258B1765FCAE00E4F060 /* en */ = {isa = PBXFileReference; lastKnownFileType = text.plist.strings; name = en; path = en.lproj/InfoPlist.strings; sourceTree = "<group>"; };
		B282258D1765FCAE00E4F060 /* main.m */ = {isa = PBXFileReference; lastKnownFileType = sourcecode.c.objc; path = main.m; sourceTree = "<group>"; };
		B282258F1765FCAE00E4F060 /* CDTestIPC-Prefix.pch */ = {isa = PBXFileReference; lastKnownFileType = sourcecode.c.h; path = "CDTestIPC-Prefix.pch"; sourceTree = "<group>"; };
		B28225901765FCAE00E4F060 /* CPDAppDelegate.h */ = {isa = PBXFileReference; lastKnownFileType = sourcecode.c.h; path = CPDAppDelegate.h; sourceTree = "<group>"; };
		B28225911765FCAE00E4F060 /* CPDAppDelegate.m */ = {isa = PBXFileReference; lastKnownFileType = sourcecode.c.objc; path = CPDAppDelegate.m; sourceTree = "<group>"; };
		B28225931765FCAE00E4F060 /* Default.png */ = {isa = PBXFileReference; lastKnownFileType = image.png; path = Default.png; sourceTree = "<group>"; };
		B28225951765FCAE00E4F060 /* Default@2x.png */ = {isa = PBXFileReference; lastKnownFileType = image.png; path = "Default@2x.png"; sourceTree = "<group>"; };
		B28225971765FCAE00E4F060 /* Default-568h@2x.png */ = {isa = PBXFileReference; lastKnownFileType = image.png; path = "Default-568h@2x.png"; sourceTree = "<group>"; };
		B282259A1765FCAE00E4F060 /* en */ = {isa = PBXFileReference; lastKnownFileType = file.storyboard; name = en; path = en.lproj/MainStoryboard_iPhone.storyboard; sourceTree = "<group>"; };
		B282259D1765FCAE00E4F060 /* en */ = {isa = PBXFileReference; lastKnownFileType = file.storyboard; name = en; path = en.lproj/MainStoryboard_iPad.storyboard; sourceTree = "<group>"; };
		B282259F1765FCAE00E4F060 /* CPDViewController.h */ = {isa = PBXFileReference; lastKnownFileType = sourcecode.c.h; path = CPDViewController.h; sourceTree = "<group>"; };
		B28225A01765FCAE00E4F060 /* CPDViewController.m */ = {isa = PBXFileReference; lastKnownFileType = sourcecode.c.objc; path = CPDViewController.m; sourceTree = "<group>"; };
/* End PBXFileReference section */

/* Begin PBXFrameworksBuildPhase section */
		B282257B1765FCAE00E4F060 /* Frameworks */ = {
			isa = PBXFrameworksBuildPhase;
			buildActionMask = 2147483647;
			files = (
				B28225821765FCAE00E4F060 /* UIKit.framework in Frameworks */,
				B28225841765FCAE00E4F060 /* Foundation.framework in Frameworks */,
				B28225861765FCAE00E4F060 /* CoreGraphics.framework in Frameworks */,
			);
			runOnlyForDeploymentPostprocessing = 0;
		};
/* End PBXFrameworksBuildPhase section */

/* Begin PBXGroup section */
		B28225751765FCAE00E4F060 = {
			isa = PBXGroup;
			children = (
				B28225871765FCAE00E4F060 /* CDTestIPC */,
				B28225801765FCAE00E4F060 /* Frameworks */,
				B282257F1765FCAE00E4F060 /* Products */,
			);
			sourceTree = "<group>";
		};
		B282257F1765FCAE00E4F060 /* Products */ = {
			isa = PBXGroup;
			children = (
				B282257E1765FCAE00E4F060 /* CDTestIPC.app */,
			);
			name = Products;
			sourceTree = "<group>";
		};
		B28225801765FCAE00E4F060 /* Frameworks */ = {
			isa = PBXGroup;
			children = (
				B28225811765FCAE00E4F060 /* UIKit.framework */,
				B28225831765FCAE00E4F060 /* Foundation.framework */,
				B28225851765FCAE00E4F060 /* CoreGraphics.framework */,
			);
			name = Frameworks;
			sourceTree = "<group>";
		};
		B28225871765FCAE00E4F060 /* CDTestIPC */ = {
			isa = PBXGroup;
			children = (
				B28225901765FCAE00E4F060 /* CPDAppDelegate.h */,
				B28225911765FCAE00E4F060 /* CPDAppDelegate.m */,
				B28225991765FCAE00E4F060 /* MainStoryboard_iPhone.storyboard */,
				B282259C1765FCAE00E4F060 /* MainStoryboard_iPad.storyboard */,
				B282259F1765FCAE00E4F060 /* CPDViewController.h */,
				B28225A01765FCAE00E4F060 /* CPDViewController.m */,
				B28225881765FCAE00E4F060 /* Supporting Files */,
			);
			path = CDTestIPC;
			sourceTree = "<group>";
		};
		B28225881765FCAE00E4F060 /* Supporting Files */ = {
			isa = PBXGroup;
			children = (
				B28225891765FCAE00E4F060 /* CDTestIPC-Info.plist */,
				B282258A1765FCAE00E4F060 /* InfoPlist.strings */,
				B282258D1765FCAE00E4F060 /* main.m */,
				B282258F1765FCAE00E4F060 /* CDTestIPC-Prefix.pch */,
				B28225931765FCAE00E4F060 /* Default.png */,
				B28225951765FCAE00E4F060 /* Default@2x.png */,
				B28225971765FCAE00E4F060 /* Default-568h@2x.png */,
			);
			name = "Supporting Files";
			sourceTree = "<group>";
		};
/* End PBXGroup section */

/* Begin PBXNativeTarget section */
		B282257D1765FCAE00E4F060 /* CDTestIPC */ = {
			isa = PBXNativeTarget;
			buildConfigurationList = B28225A41765FCAE00E4F060 /* Build configuration list for PBXNativeTarget "CDTestIPC" */;
			buildPhases = (
				B282257A1765FCAE00E4F060 /* Sources */,
				B282257B1765FCAE00E4F060 /* Frameworks */,
				B282257C1765FCAE00E4F060 /* Resources */,
			);
			buildRules = (
			);
			dependencies = (
			);
			name = CDTestIPC;
			productName = CDTestIPC;
			productReference = B282257E1765FCAE00E4F060 /* CDTestIPC.app */;
			productType = "com.apple.product-type.application";
		};
/* End PBXNativeTarget section */

/* Begin PBXProject section */
		B28225761765FCAE00E4F060 /* Project object */ = {
			isa = PBXProject;
			attributes = {
				CLASSPREFIX = CPD;
				LastUpgradeCheck = 0460;
				ORGANIZATIONNAME = personal;
			};
			buildConfigurationList = B28225791765FCAE00E4F060 /* Build configuration list for PBXProject "CDTestIPC" */;
			compatibilityVersion = "Xcode 3.2";
			developmentRegion = English;
			hasScannedForEncodings = 0;
			knownRegions = (
				en,
			);
			mainGroup = B28225751765FCAE00E4F060;
			productRefGroup = B282257F1765FCAE00E4F060 /* Products */;
			projectDirPath = "";
			projectRoot = "";
			targets = (
				B282257D1765FCAE00E4F060 /* CDTestIPC */,
			);
		};
/* End PBXProject section */

/* Begin PBXResourcesBuildPhase section */
		B282257C1765FCAE00E4F060 /* Resources */ = {
			isa = PBXResourcesBuildPhase;
			buildActionMask = 2147483647;
			files = (
				B282258C1765FCAE00E4F060 /* InfoPlist.strings in Resources */,
				B28225941765FCAE00E4F060 /* Default.png in Resources */,
				B28225961765FCAE00E4F060 /* Default@2x.png in Resources */,
				B28225981765FCAE00E4F060 /* Default-568h@2x.png in Resources */,
				B282259B1765FCAE00E4F060 /* MainStoryboard_iPhone.storyboard in Resources */,
				B282259E1765FCAE00E4F060 /* MainStoryboard_iPad.storyboard in Resources */,
			);
			runOnlyForDeploymentPostprocessing = 0;
		};
/* End PBXResourcesBuildPhase section */

/* Begin PBXSourcesBuildPhase section */
		B282257A1765FCAE00E4F060 /* Sources */ = {
			isa = PBXSourcesBuildPhase;
			buildActionMask = 2147483647;
			files = (
				B282258E1765FCAE00E4F060 /* main.m in Sources */,
				B28225921765FCAE00E4F060 /* CPDAppDelegate.m in Sources */,
				B28225A11765FCAE00E4F060 /* CPDViewController.m in Sources */,
			);
			runOnlyForDeploymentPostprocessing = 0;
		};
/* End PBXSourcesBuildPhase section */

/* Begin PBXVariantGroup section */
		B282258A1765FCAE00E4F060 /* InfoPlist.strings */ = {
			isa = PBXVariantGroup;
			children = (
				B282258B1765FCAE00E4F060 /* en */,
			);
			name = InfoPlist.strings;
			sourceTree = "<group>";
		};
		B28225991765FCAE00E4F060 /* MainStoryboard_iPhone.storyboard */ = {
			isa = PBXVariantGroup;
			children = (
				B282259A1765FCAE00E4F060 /* en */,
			);
			name = MainStoryboard_iPhone.storyboard;
			sourceTree = "<group>";
		};
		B282259C1765FCAE00E4F060 /* MainStoryboard_iPad.storyboard */ = {
			isa = PBXVariantGroup;
			children = (
				B282259D1765FCAE00E4F060 /* en */,
			);
			name = MainStoryboard_iPad.storyboard;
			sourceTree = "<group>";
		};
/* End PBXVariantGroup section */

/* Begin XCBuildConfiguration section */
		B28225A21765FCAE00E4F060 /* Debug */ = {
			isa = XCBuildConfiguration;
			buildSettings = {
				ALWAYS_SEARCH_USER_PATHS = NO;
				CLANG_CXX_LANGUAGE_STANDARD = "gnu++0x";
				CLANG_CXX_LIBRARY = "libc++";
				CLANG_ENABLE_OBJC_ARC = YES;
				CLANG_WARN_CONSTANT_CONVERSION = YES;
				CLANG_WARN_EMPTY_BODY = YES;
				CLANG_WARN_ENUM_CONVERSION = YES;
				CLANG_WARN_INT_CONVERSION = YES;
				CLANG_WARN__DUPLICATE_METHOD_MATCH = YES;
				"CODE_SIGN_IDENTITY[sdk=iphoneos*]" = "iPhone Developer";
				COPY_PHASE_STRIP = NO;
				GCC_C_LANGUAGE_STANDARD = gnu99;
				GCC_DYNAMIC_NO_PIC = NO;
				GCC_OPTIMIZATION_LEVEL = 0;
				GCC_PREPROCESSOR_DEFINITIONS = (
					"DEBUG=1",
					"$(inherited)",
				);
				GCC_SYMBOLS_PRIVATE_EXTERN = NO;
				GCC_WARN_ABOUT_RETURN_TYPE = YES;
				GCC_WARN_UNINITIALIZED_AUTOS = YES;
				GCC_WARN_UNUSED_VARIABLE = YES;
				IPHONEOS_DEPLOYMENT_TARGET = 6.1;
				ONLY_ACTIVE_ARCH = YES;
				SDKROOT = iphoneos;
				TARGETED_DEVICE_FAMILY = "1,2";
			};
			name = Debug;
		};
		B28225A31765FCAE00E4F060 /* Release */ = {
			isa = XCBuildConfiguration;
			buildSettings = {
				ALWAYS_SEARCH_USER_PATHS = NO;
				CLANG_CXX_LANGUAGE_STANDARD = "gnu++0x";
				CLANG_CXX_LIBRARY = "libc++";
				CLANG_ENABLE_OBJC_ARC = YES;
				CLANG_WARN_CONSTANT_CONVERSION = YES;
				CLANG_WARN_EMPTY_BODY = YES;
				CLANG_WARN_ENUM_CONVERSION = YES;
				CLANG_WARN_INT_CONVERSION = YES;
				CLANG_WARN__DUPLICATE_METHOD_MATCH = YES;
				"CODE_SIGN_IDENTITY[sdk=iphoneos*]" = "iPhone Developer";
				COPY_PHASE_STRIP = YES;
				GCC_C_LANGUAGE_STANDARD = gnu99;
				GCC_WARN_ABOUT_RETURN_TYPE = YES;
				GCC_WARN_UNINITIALIZED_AUTOS = YES;
				GCC_WARN_UNUSED_VARIABLE = YES;
				IPHONEOS_DEPLOYMENT_TARGET = 6.1;
				OTHER_CFLAGS = "-DNS_BLOCK_ASSERTIONS=1";
				SDKROOT = iphoneos;
				TARGETED_DEVICE_FAMILY = "1,2";
				VALIDATE_PRODUCT = YES;
			};
			name = Release;
		};
		B28225A51765FCAE00E4F060 /* Debug */ = {
			isa = XCBuildConfiguration;
			buildSettings = {
				GCC_PRECOMPILE_PREFIX_HEADER = YES;
				GCC_PREFIX_HEADER = "CDTestIPC/CDTestIPC-Prefix.pch";
				INFOPLIST_FILE = "CDTestIPC/CDTestIPC-Info.plist";
				PRODUCT_NAME = "$(TARGET_NAME)";
				WRAPPER_EXTENSION = app;
			};
			name = Debug;
		};
		B28225A61765FCAE00E4F060 /* Release */ = {
			isa = XCBuildConfiguration;
			buildSettings = {
				GCC_PRECOMPILE_PREFIX_HEADER = YES;
				GCC_PREFIX_HEADER = "CDTestIPC/CDTestIPC-Prefix.pch";
				INFOPLIST_FILE = "CDTestIPC/CDTestIPC-Info.plist";
				PRODUCT_NAME = "$(TARGET_NAME)";
				WRAPPER_EXTENSION = app;
			};
			name = Release;
		};
/* End XCBuildConfiguration section */

/* Begin XCConfigurationList section */
		B28225791765FCAE00E4F060 /* Build configuration list for PBXProject "CDTestIPC" */ = {
			isa = XCConfigurationList;
			buildConfigurations = (
				B28225A21765FCAE00E4F060 /* Debug */,
				B28225A31765FCAE00E4F060 /* Release */,
			);
			defaultConfigurationIsVisible = 0;
			defaultConfigurationName = Release;
		};
		B28225A41765FCAE00E4F060 /* Build configuration list for PBXNativeTarget "CDTestIPC" */ = {
			isa = XCConfigurationList;
			buildConfigurations = (
				B28225A51765FCAE00E4F060 /* Debug */,
				B28225A61765FCAE00E4F060 /* Release */,
			);
			defaultConfigurationIsVisible = 0;
		};
/* End XCConfigurationList section */
	};
	rootObject = B28225761765FCAE00E4F060 /* Project object */;
}
